
Microsoft Visual Studio Solution File, Format Version 12.00
# Visual Studio Version 16
VisualStudioVersion = 16.0.32929.386
MinimumVisualStudioVersion = 10.0.40219.1
Project("{FAE04EC0-301F-11D3-BF4B-00C04F79EFBC}") = "Agencia_Web_API_FS", "Agencia_Web_API_FS\Agencia_Web_API_FS.csproj", "{83D0F675-C1CF-405C-9C31-32684D3B3D59}"
EndProject
Global
	GlobalSection(SolutionConfigurationPlatforms) = preSolution
		Debug|Any CPU = Debug|Any CPU
		Release|Any CPU = Release|Any CPU
	EndGlobalSection
	GlobalSection(ProjectConfigurationPlatforms) = postSolution
		{83D0F675-C1CF-405C-9C31-32684D3B3D59}.Debug|Any CPU.ActiveCfg = Debug|Any CPU
		{83D0F675-C1CF-405C-9C31-32684D3B3D59}.Debug|Any CPU.Build.0 = Debug|Any CPU
		{83D0F675-C1CF-405C-9C31-32684D3B3D59}.Release|Any CPU.ActiveCfg = Release|Any CPU
		{83D0F675-C1CF-405C-9C31-32684D3B3D59}.Release|Any CPU.Build.0 = Release|Any CPU
	EndGlobalSection
	GlobalSection(SolutionProperties) = preSolution
		HideSolutionNode = FALSE
	EndGlobalSection
	GlobalSection(ExtensibilityGlobals) = postSolution
		SolutionGuid = {1C96559F-8570-4FF3-BF8F-C03B5755B53D}
	EndGlobalSection
EndGlobal
